// !$*UTF8*$!
{
	archiveVersion = 1;
	classes = {
	};
	objectVersion = 50;
	objects = {

/* Begin PBXBuildFile section */
		F14E83E226FACF240004466E /* AddFruitsViewController.swift in Sources */ = {isa = PBXBuildFile; fileRef = F14E83E126FACF240004466E /* AddFruitsViewController.swift */; };
		F14E83E426FACF450004466E /* AddFruits.storyboard in Resources */ = {isa = PBXBuildFile; fileRef = F14E83E326FACF450004466E /* AddFruits.storyboard */; };
		F1A9DC7F26F9AE87000DE535 /* FruitsList.swift in Sources */ = {isa = PBXBuildFile; fileRef = F1A9DC7E26F9AE87000DE535 /* FruitsList.swift */; };
		F1A9DC8126F9AFA9000DE535 /* FruitsListPresenter.swift in Sources */ = {isa = PBXBuildFile; fileRef = F1A9DC8026F9AFA9000DE535 /* FruitsListPresenter.swift */; };
		F1A9DC8426FA46B2000DE535 /* Router.swift in Sources */ = {isa = PBXBuildFile; fileRef = F1A9DC8326FA46B2000DE535 /* Router.swift */; };
		F1A9DC8726FA4882000DE535 /* Storyboard+.swift in Sources */ = {isa = PBXBuildFile; fileRef = F1A9DC8626FA4882000DE535 /* Storyboard+.swift */; };
		F1AA5D2326F75A31000B0BA0 /* AppDelegate.swift in Sources */ = {isa = PBXBuildFile; fileRef = F1AA5D2226F75A31000B0BA0 /* AppDelegate.swift */; };
		F1AA5D2526F75A31000B0BA0 /* SceneDelegate.swift in Sources */ = {isa = PBXBuildFile; fileRef = F1AA5D2426F75A31000B0BA0 /* SceneDelegate.swift */; };
		F1AA5D2C26F75A32000B0BA0 /* Assets.xcassets in Resources */ = {isa = PBXBuildFile; fileRef = F1AA5D2B26F75A32000B0BA0 /* Assets.xcassets */; };
		F1AA5D3726F760F5000B0BA0 /* FruitsListViewController.swift in Sources */ = {isa = PBXBuildFile; fileRef = F1AA5D3626F760F5000B0BA0 /* FruitsListViewController.swift */; };
		F1AA5D3B26F7613D000B0BA0 /* FruitsListTableViewCell.swift in Sources */ = {isa = PBXBuildFile; fileRef = F1AA5D3926F7613D000B0BA0 /* FruitsListTableViewCell.swift */; };
		F1AA5D3C26F7613D000B0BA0 /* FruitsListTableViewCell.xib in Resources */ = {isa = PBXBuildFile; fileRef = F1AA5D3A26F7613D000B0BA0 /* FruitsListTableViewCell.xib */; };
		F1AA5D4126F761DE000B0BA0 /* FruitsList.storyboard in Resources */ = {isa = PBXBuildFile; fileRef = F1AA5D4026F761DE000B0BA0 /* FruitsList.storyboard */; };
		F1AA5D4B26F76352000B0BA0 /* Fruit.swift in Sources */ = {isa = PBXBuildFile; fileRef = F1AA5D4A26F76352000B0BA0 /* Fruit.swift */; };
		F1E0D86C26FB1BA2004A60A0 /* AddFruitsPresenter.swift in Sources */ = {isa = PBXBuildFile; fileRef = F1E0D86B26FB1BA2004A60A0 /* AddFruitsPresenter.swift */; };
/* End PBXBuildFile section */

/* Begin PBXFileReference section */
		F14E83E126FACF240004466E /* AddFruitsViewController.swift */ = {isa = PBXFileReference; lastKnownFileType = sourcecode.swift; path = AddFruitsViewController.swift; sourceTree = "<group>"; };
		F14E83E326FACF450004466E /* AddFruits.storyboard */ = {isa = PBXFileReference; lastKnownFileType = file.storyboard; path = AddFruits.storyboard; sourceTree = "<group>"; };
		F1A9DC7E26F9AE87000DE535 /* FruitsList.swift */ = {isa = PBXFileReference; lastKnownFileType = sourcecode.swift; path = FruitsList.swift; sourceTree = "<group>"; };
		F1A9DC8026F9AFA9000DE535 /* FruitsListPresenter.swift */ = {isa = PBXFileReference; lastKnownFileType = sourcecode.swift; path = FruitsListPresenter.swift; sourceTree = "<group>"; };
		F1A9DC8326FA46B2000DE535 /* Router.swift */ = {isa = PBXFileReference; lastKnownFileType = sourcecode.swift; path = Router.swift; sourceTree = "<group>"; };
		F1A9DC8626FA4882000DE535 /* Storyboard+.swift */ = {isa = PBXFileReference; lastKnownFileType = sourcecode.swift; path = "Storyboard+.swift"; sourceTree = "<group>"; };
		F1AA5D1F26F75A31000B0BA0 /* Task14.app */ = {isa = PBXFileReference; explicitFileType = wrapper.application; includeInIndex = 0; path = Task14.app; sourceTree = BUILT_PRODUCTS_DIR; };
		F1AA5D2226F75A31000B0BA0 /* AppDelegate.swift */ = {isa = PBXFileReference; lastKnownFileType = sourcecode.swift; path = AppDelegate.swift; sourceTree = "<group>"; };
		F1AA5D2426F75A31000B0BA0 /* SceneDelegate.swift */ = {isa = PBXFileReference; lastKnownFileType = sourcecode.swift; path = SceneDelegate.swift; sourceTree = "<group>"; };
		F1AA5D2B26F75A32000B0BA0 /* Assets.xcassets */ = {isa = PBXFileReference; lastKnownFileType = folder.assetcatalog; path = Assets.xcassets; sourceTree = "<group>"; };
		F1AA5D3026F75A32000B0BA0 /* Info.plist */ = {isa = PBXFileReference; lastKnownFileType = text.plist.xml; path = Info.plist; sourceTree = "<group>"; };
		F1AA5D3626F760F5000B0BA0 /* FruitsListViewController.swift */ = {isa = PBXFileReference; lastKnownFileType = sourcecode.swift; path = FruitsListViewController.swift; sourceTree = "<group>"; };
		F1AA5D3926F7613D000B0BA0 /* FruitsListTableViewCell.swift */ = {isa = PBXFileReference; lastKnownFileType = sourcecode.swift; path = FruitsListTableViewCell.swift; sourceTree = "<group>"; };
		F1AA5D3A26F7613D000B0BA0 /* FruitsListTableViewCell.xib */ = {isa = PBXFileReference; lastKnownFileType = file.xib; path = FruitsListTableViewCell.xib; sourceTree = "<group>"; };
		F1AA5D4026F761DE000B0BA0 /* FruitsList.storyboard */ = {isa = PBXFileReference; lastKnownFileType = file.storyboard; path = FruitsList.storyboard; sourceTree = "<group>"; };
		F1AA5D4A26F76352000B0BA0 /* Fruit.swift */ = {isa = PBXFileReference; lastKnownFileType = sourcecode.swift; path = Fruit.swift; sourceTree = "<group>"; };
		F1E0D86B26FB1BA2004A60A0 /* AddFruitsPresenter.swift */ = {isa = PBXFileReference; lastKnownFileType = sourcecode.swift; path = AddFruitsPresenter.swift; sourceTree = "<group>"; };
/* End PBXFileReference section */

/* Begin PBXFrameworksBuildPhase section */
		F1AA5D1C26F75A31000B0BA0 /* Frameworks */ = {
			isa = PBXFrameworksBuildPhase;
			buildActionMask = 2147483647;
			files = (
			);
			runOnlyForDeploymentPostprocessing = 0;
		};
/* End PBXFrameworksBuildPhase section */

/* Begin PBXGroup section */
		F1A9DC8226FA4660000DE535 /* Router */ = {
			isa = PBXGroup;
			children = (
				F1A9DC8326FA46B2000DE535 /* Router.swift */,
			);
			path = Router;
			sourceTree = "<group>";
		};
		F1A9DC8526FA4844000DE535 /* Extension */ = {
			isa = PBXGroup;
			children = (
				F1A9DC8626FA4882000DE535 /* Storyboard+.swift */,
			);
			path = Extension;
			sourceTree = "<group>";
		};
		F1AA5D1626F75A31000B0BA0 = {
			isa = PBXGroup;
			children = (
				F1AA5D2126F75A31000B0BA0 /* Task14 */,
				F1AA5D2026F75A31000B0BA0 /* Products */,
			);
			sourceTree = "<group>";
		};
		F1AA5D2026F75A31000B0BA0 /* Products */ = {
			isa = PBXGroup;
			children = (
				F1AA5D1F26F75A31000B0BA0 /* Task14.app */,
			);
			name = Products;
			sourceTree = "<group>";
		};
		F1AA5D2126F75A31000B0BA0 /* Task14 */ = {
			isa = PBXGroup;
			children = (
				F1E0D86126FB1042004A60A0 /* Classes */,
				F1E0D86826FB1155004A60A0 /* Resources */,
				F1AA5D3026F75A32000B0BA0 /* Info.plist */,
			);
			path = Task14;
			sourceTree = "<group>";
		};
		F1AA5D4526F7626B000B0BA0 /* Presenter */ = {
			isa = PBXGroup;
			children = (
				F1A9DC8026F9AFA9000DE535 /* FruitsListPresenter.swift */,
			);
			path = Presenter;
			sourceTree = "<group>";
		};
		F1E0D86126FB1042004A60A0 /* Classes */ = {
			isa = PBXGroup;
			children = (
				F1E0D86226FB1051004A60A0 /* Modules */,
				F1E0D86326FB105D004A60A0 /* Commons */,
			);
			path = Classes;
			sourceTree = "<group>";
		};
		F1E0D86226FB1051004A60A0 /* Modules */ = {
			isa = PBXGroup;
			children = (
				F1AA5D2226F75A31000B0BA0 /* AppDelegate.swift */,
				F1AA5D2426F75A31000B0BA0 /* SceneDelegate.swift */,
				F1E0D86526FB10AD004A60A0 /* FruitsList */,
				F1E0D86426FB10A3004A60A0 /* AddFruits */,
			);
			path = Modules;
			sourceTree = "<group>";
		};
		F1E0D86326FB105D004A60A0 /* Commons */ = {
			isa = PBXGroup;
			children = (
				F1A9DC8226FA4660000DE535 /* Router */,
				F1A9DC8526FA4844000DE535 /* Extension */,
			);
			path = Commons;
			sourceTree = "<group>";
		};
		F1E0D86426FB10A3004A60A0 /* AddFruits */ = {
			isa = PBXGroup;
			children = (
				F1E0D86A26FB1B5F004A60A0 /* View */,
				F1E0D86926FB1B54004A60A0 /* Presenter */,
			);
			path = AddFruits;
			sourceTree = "<group>";
		};
		F1E0D86526FB10AD004A60A0 /* FruitsList */ = {
			isa = PBXGroup;
			children = (
				F1E0D86726FB10D7004A60A0 /* Model */,
				F1E0D86626FB10D1004A60A0 /* View */,
				F1AA5D4526F7626B000B0BA0 /* Presenter */,
			);
			path = FruitsList;
			sourceTree = "<group>";
		};
		F1E0D86626FB10D1004A60A0 /* View */ = {
			isa = PBXGroup;
			children = (
				F1AA5D3626F760F5000B0BA0 /* FruitsListViewController.swift */,
				F1AA5D3926F7613D000B0BA0 /* FruitsListTableViewCell.swift */,
				F1AA5D3A26F7613D000B0BA0 /* FruitsListTableViewCell.xib */,
				F1AA5D4026F761DE000B0BA0 /* FruitsList.storyboard */,
			);
			path = View;
			sourceTree = "<group>";
		};
		F1E0D86726FB10D7004A60A0 /* Model */ = {
			isa = PBXGroup;
			children = (
				F1AA5D4A26F76352000B0BA0 /* Fruit.swift */,
				F1A9DC7E26F9AE87000DE535 /* FruitsList.swift */,
			);
			path = Model;
			sourceTree = "<group>";
		};
		F1E0D86826FB1155004A60A0 /* Resources */ = {
			isa = PBXGroup;
			children = (
				F1AA5D2B26F75A32000B0BA0 /* Assets.xcassets */,
			);
			path = Resources;
			sourceTree = "<group>";
		};
		F1E0D86926FB1B54004A60A0 /* Presenter */ = {
			isa = PBXGroup;
			children = (
				F1E0D86B26FB1BA2004A60A0 /* AddFruitsPresenter.swift */,
			);
			path = Presenter;
			sourceTree = "<group>";
		};
		F1E0D86A26FB1B5F004A60A0 /* View */ = {
			isa = PBXGroup;
			children = (
				F14E83E126FACF240004466E /* AddFruitsViewController.swift */,
				F14E83E326FACF450004466E /* AddFruits.storyboard */,
			);
			path = View;
			sourceTree = "<group>";
		};
/* End PBXGroup section */

/* Begin PBXNativeTarget section */
		F1AA5D1E26F75A31000B0BA0 /* Task14 */ = {
			isa = PBXNativeTarget;
			buildConfigurationList = F1AA5D3326F75A32000B0BA0 /* Build configuration list for PBXNativeTarget "Task14" */;
			buildPhases = (
				F1AA5D1B26F75A31000B0BA0 /* Sources */,
				F1AA5D1C26F75A31000B0BA0 /* Frameworks */,
				F1AA5D1D26F75A31000B0BA0 /* Resources */,
				E547CE1926FCAB5E00065BC6 /* ShellScript */,
			);
			buildRules = (
			);
			dependencies = (
			);
			name = Task14;
			productName = Task14;
			productReference = F1AA5D1F26F75A31000B0BA0 /* Task14.app */;
			productType = "com.apple.product-type.application";
		};
/* End PBXNativeTarget section */

/* Begin PBXProject section */
		F1AA5D1726F75A31000B0BA0 /* Project object */ = {
			isa = PBXProject;
			attributes = {
				LastSwiftUpdateCheck = 1250;
				LastUpgradeCheck = 1250;
				TargetAttributes = {
					F1AA5D1E26F75A31000B0BA0 = {
						CreatedOnToolsVersion = 12.5.1;
					};
				};
			};
			buildConfigurationList = F1AA5D1A26F75A31000B0BA0 /* Build configuration list for PBXProject "Task14" */;
			compatibilityVersion = "Xcode 9.3";
			developmentRegion = en;
			hasScannedForEncodings = 0;
			knownRegions = (
				en,
				Base,
			);
			mainGroup = F1AA5D1626F75A31000B0BA0;
			productRefGroup = F1AA5D2026F75A31000B0BA0 /* Products */;
			projectDirPath = "";
			projectRoot = "";
			targets = (
				F1AA5D1E26F75A31000B0BA0 /* Task14 */,
			);
		};
/* End PBXProject section */

/* Begin PBXResourcesBuildPhase section */
		F1AA5D1D26F75A31000B0BA0 /* Resources */ = {
			isa = PBXResourcesBuildPhase;
			buildActionMask = 2147483647;
			files = (
				F1AA5D3C26F7613D000B0BA0 /* FruitsListTableViewCell.xib in Resources */,
				F14E83E426FACF450004466E /* AddFruits.storyboard in Resources */,
				F1AA5D2C26F75A32000B0BA0 /* Assets.xcassets in Resources */,
				F1AA5D4126F761DE000B0BA0 /* FruitsList.storyboard in Resources */,
			);
			runOnlyForDeploymentPostprocessing = 0;
		};
/* End PBXResourcesBuildPhase section */

/* Begin PBXShellScriptBuildPhase section */
		E547CE1926FCAB5E00065BC6 /* ShellScript */ = {
			isa = PBXShellScriptBuildPhase;
			buildActionMask = 2147483647;
			files = (
			);
			inputFileListPaths = (
			);
			inputPaths = (
			);
			outputFileListPaths = (
			);
			outputPaths = (
			);
			runOnlyForDeploymentPostprocessing = 0;
			shellPath = /bin/sh;
			shellScript = "if which swiftlint >/dev/null; then\n  swiftlint\nelse\n  echo \"warning: SwiftLint not installed, download from https://github.com/realm/SwiftLint\"\nfi\n";
		};
/* End PBXShellScriptBuildPhase section */

/* Begin PBXSourcesBuildPhase section */
		F1AA5D1B26F75A31000B0BA0 /* Sources */ = {
			isa = PBXSourcesBuildPhase;
			buildActionMask = 2147483647;
			files = (
				F1A9DC8426FA46B2000DE535 /* Router.swift in Sources */,
				F1A9DC7F26F9AE87000DE535 /* FruitsList.swift in Sources */,
				F1A9DC8726FA4882000DE535 /* Storyboard+.swift in Sources */,
				F1AA5D3B26F7613D000B0BA0 /* FruitsListTableViewCell.swift in Sources */,
				F1AA5D4B26F76352000B0BA0 /* Fruit.swift in Sources */,
				F1E0D86C26FB1BA2004A60A0 /* AddFruitsPresenter.swift in Sources */,
				F14E83E226FACF240004466E /* AddFruitsViewController.swift in Sources */,
				F1A9DC8126F9AFA9000DE535 /* FruitsListPresenter.swift in Sources */,
				F1AA5D3726F760F5000B0BA0 /* FruitsListViewController.swift in Sources */,
				F1AA5D2326F75A31000B0BA0 /* AppDelegate.swift in Sources */,
				F1AA5D2526F75A31000B0BA0 /* SceneDelegate.swift in Sources */,
			);
			runOnlyForDeploymentPostprocessing = 0;
		};
/* End PBXSourcesBuildPhase section */

/* Begin XCBuildConfiguration section */
		F1AA5D3126F75A32000B0BA0 /* Debug */ = {
			isa = XCBuildConfiguration;
			buildSettings = {
				ALWAYS_SEARCH_USER_PATHS = NO;
				CLANG_ANALYZER_NONNULL = YES;
				CLANG_ANALYZER_NUMBER_OBJECT_CONVERSION = YES_AGGRESSIVE;
				CLANG_CXX_LANGUAGE_STANDARD = "gnu++14";
				CLANG_CXX_LIBRARY = "libc++";
				CLANG_ENABLE_MODULES = YES;
				CLANG_ENABLE_OBJC_ARC = YES;
				CLANG_ENABLE_OBJC_WEAK = YES;
				CLANG_WARN_BLOCK_CAPTURE_AUTORELEASING = YES;
				CLANG_WARN_BOOL_CONVERSION = YES;
				CLANG_WARN_COMMA = YES;
				CLANG_WARN_CONSTANT_CONVERSION = YES;
				CLANG_WARN_DEPRECATED_OBJC_IMPLEMENTATIONS = YES;
				CLANG_WARN_DIRECT_OBJC_ISA_USAGE = YES_ERROR;
				CLANG_WARN_DOCUMENTATION_COMMENTS = YES;
				CLANG_WARN_EMPTY_BODY = YES;
				CLANG_WARN_ENUM_CONVERSION = YES;
				CLANG_WARN_INFINITE_RECURSION = YES;
				CLANG_WARN_INT_CONVERSION = YES;
				CLANG_WARN_NON_LITERAL_NULL_CONVERSION = YES;
				CLANG_WARN_OBJC_IMPLICIT_RETAIN_SELF = YES;
				CLANG_WARN_OBJC_LITERAL_CONVERSION = YES;
				CLANG_WARN_OBJC_ROOT_CLASS = YES_ERROR;
				CLANG_WARN_QUOTED_INCLUDE_IN_FRAMEWORK_HEADER = YES;
				CLANG_WARN_RANGE_LOOP_ANALYSIS = YES;
				CLANG_WARN_STRICT_PROTOTYPES = YES;
				CLANG_WARN_SUSPICIOUS_MOVE = YES;
				CLANG_WARN_UNGUARDED_AVAILABILITY = YES_AGGRESSIVE;
				CLANG_WARN_UNREACHABLE_CODE = YES;
				CLANG_WARN__DUPLICATE_METHOD_MATCH = YES;
				COPY_PHASE_STRIP = NO;
				DEBUG_INFORMATION_FORMAT = dwarf;
				ENABLE_STRICT_OBJC_MSGSEND = YES;
				ENABLE_TESTABILITY = YES;
				GCC_C_LANGUAGE_STANDARD = gnu11;
				GCC_DYNAMIC_NO_PIC = NO;
				GCC_NO_COMMON_BLOCKS = YES;
				GCC_OPTIMIZATION_LEVEL = 0;
				GCC_PREPROCESSOR_DEFINITIONS = (
					"DEBUG=1",
					"$(inherited)",
				);
				GCC_WARN_64_TO_32_BIT_CONVERSION = YES;
				GCC_WARN_ABOUT_RETURN_TYPE = YES_ERROR;
				GCC_WARN_UNDECLARED_SELECTOR = YES;
				GCC_WARN_UNINITIALIZED_AUTOS = YES_AGGRESSIVE;
				GCC_WARN_UNUSED_FUNCTION = YES;
				GCC_WARN_UNUSED_VARIABLE = YES;
				IPHONEOS_DEPLOYMENT_TARGET = 14.5;
				MTL_ENABLE_DEBUG_INFO = INCLUDE_SOURCE;
				MTL_FAST_MATH = YES;
				ONLY_ACTIVE_ARCH = YES;
				SDKROOT = iphoneos;
				SWIFT_ACTIVE_COMPILATION_CONDITIONS = DEBUG;
				SWIFT_OPTIMIZATION_LEVEL = "-Onone";
			};
			name = Debug;
		};
		F1AA5D3226F75A32000B0BA0 /* Release */ = {
			isa = XCBuildConfiguration;
			buildSettings = {
				ALWAYS_SEARCH_USER_PATHS = NO;
				CLANG_ANALYZER_NONNULL = YES;
				CLANG_ANALYZER_NUMBER_OBJECT_CONVERSION = YES_AGGRESSIVE;
				CLANG_CXX_LANGUAGE_STANDARD = "gnu++14";
				CLANG_CXX_LIBRARY = "libc++";
				CLANG_ENABLE_MODULES = YES;
				CLANG_ENABLE_OBJC_ARC = YES;
				CLANG_ENABLE_OBJC_WEAK = YES;
				CLANG_WARN_BLOCK_CAPTURE_AUTORELEASING = YES;
				CLANG_WARN_BOOL_CONVERSION = YES;
				CLANG_WARN_COMMA = YES;
				CLANG_WARN_CONSTANT_CONVERSION = YES;
				CLANG_WARN_DEPRECATED_OBJC_IMPLEMENTATIONS = YES;
				CLANG_WARN_DIRECT_OBJC_ISA_USAGE = YES_ERROR;
				CLANG_WARN_DOCUMENTATION_COMMENTS = YES;
				CLANG_WARN_EMPTY_BODY = YES;
				CLANG_WARN_ENUM_CONVERSION = YES;
				CLANG_WARN_INFINITE_RECURSION = YES;
				CLANG_WARN_INT_CONVERSION = YES;
				CLANG_WARN_NON_LITERAL_NULL_CONVERSION = YES;
				CLANG_WARN_OBJC_IMPLICIT_RETAIN_SELF = YES;
				CLANG_WARN_OBJC_LITERAL_CONVERSION = YES;
				CLANG_WARN_OBJC_ROOT_CLASS = YES_ERROR;
				CLANG_WARN_QUOTED_INCLUDE_IN_FRAMEWORK_HEADER = YES;
				CLANG_WARN_RANGE_LOOP_ANALYSIS = YES;
				CLANG_WARN_STRICT_PROTOTYPES = YES;
				CLANG_WARN_SUSPICIOUS_MOVE = YES;
				CLANG_WARN_UNGUARDED_AVAILABILITY = YES_AGGRESSIVE;
				CLANG_WARN_UNREACHABLE_CODE = YES;
				CLANG_WARN__DUPLICATE_METHOD_MATCH = YES;
				COPY_PHASE_STRIP = NO;
				DEBUG_INFORMATION_FORMAT = "dwarf-with-dsym";
				ENABLE_NS_ASSERTIONS = NO;
				ENABLE_STRICT_OBJC_MSGSEND = YES;
				GCC_C_LANGUAGE_STANDARD = gnu11;
				GCC_NO_COMMON_BLOCKS = YES;
				GCC_WARN_64_TO_32_BIT_CONVERSION = YES;
				GCC_WARN_ABOUT_RETURN_TYPE = YES_ERROR;
				GCC_WARN_UNDECLARED_SELECTOR = YES;
				GCC_WARN_UNINITIALIZED_AUTOS = YES_AGGRESSIVE;
				GCC_WARN_UNUSED_FUNCTION = YES;
				GCC_WARN_UNUSED_VARIABLE = YES;
				IPHONEOS_DEPLOYMENT_TARGET = 14.5;
				MTL_ENABLE_DEBUG_INFO = NO;
				MTL_FAST_MATH = YES;
				SDKROOT = iphoneos;
				SWIFT_COMPILATION_MODE = wholemodule;
				SWIFT_OPTIMIZATION_LEVEL = "-O";
				VALIDATE_PRODUCT = YES;
			};
			name = Release;
		};
		F1AA5D3426F75A32000B0BA0 /* Debug */ = {
			isa = XCBuildConfiguration;
			buildSettings = {
				ASSETCATALOG_COMPILER_APPICON_NAME = AppIcon;
				ASSETCATALOG_COMPILER_GLOBAL_ACCENT_COLOR_NAME = AccentColor;
				CODE_SIGN_STYLE = Automatic;
				INFOPLIST_FILE = Task14/Info.plist;
				LD_RUNPATH_SEARCH_PATHS = (
					"$(inherited)",
					"@executable_path/Frameworks",
				);
				PRODUCT_BUNDLE_IDENTIFIER = net.matsushima.Task14;
				PRODUCT_NAME = "$(TARGET_NAME)";
				SWIFT_VERSION = 5.0;
				TARGETED_DEVICE_FAMILY = "1,2";
			};
			name = Debug;
		};
		F1AA5D3526F75A32000B0BA0 /* Release */ = {
			isa = XCBuildConfiguration;
			buildSettings = {
				ASSETCATALOG_COMPILER_APPICON_NAME = AppIcon;
				ASSETCATALOG_COMPILER_GLOBAL_ACCENT_COLOR_NAME = AccentColor;
				CODE_SIGN_STYLE = Automatic;
				INFOPLIST_FILE = Task14/Info.plist;
				LD_RUNPATH_SEARCH_PATHS = (
					"$(inherited)",
					"@executable_path/Frameworks",
				);
				PRODUCT_BUNDLE_IDENTIFIER = net.matsushima.Task14;
				PRODUCT_NAME = "$(TARGET_NAME)";
				SWIFT_VERSION = 5.0;
				TARGETED_DEVICE_FAMILY = "1,2";
			};
			name = Release;
		};
/* End XCBuildConfiguration section */

/* Begin XCConfigurationList section */
		F1AA5D1A26F75A31000B0BA0 /* Build configuration list for PBXProject "Task14" */ = {
			isa = XCConfigurationList;
			buildConfigurations = (
				F1AA5D3126F75A32000B0BA0 /* Debug */,
				F1AA5D3226F75A32000B0BA0 /* Release */,
			);
			defaultConfigurationIsVisible = 0;
			defaultConfigurationName = Release;
		};
		F1AA5D3326F75A32000B0BA0 /* Build configuration list for PBXNativeTarget "Task14" */ = {
			isa = XCConfigurationList;
			buildConfigurations = (
				F1AA5D3426F75A32000B0BA0 /* Debug */,
				F1AA5D3526F75A32000B0BA0 /* Release */,
			);
			defaultConfigurationIsVisible = 0;
			defaultConfigurationName = Release;
		};
/* End XCConfigurationList section */
	};
	rootObject = F1AA5D1726F75A31000B0BA0 /* Project object */;
}
